<?xml version="1.0" encoding="utf-8"?>
<Project ToolsVersion="4.0" xmlns="http://schemas.microsoft.com/developer/msbuild/2003">
  <ItemGroup>
    <Filter Include="Source Files">
      <UniqueIdentifier>{4FC737F1-C7A5-4376-A066-2A32D752A2FF}</UniqueIdentifier>
      <Extensions>cpp;c;cc;cxx;def;odl;idl;hpj;bat;asm;asmx</Extensions>
    </Filter>
    <Filter Include="Header Files">
      <UniqueIdentifier>{93995380-89BD-4b04-88EB-625FBE52EBFB}</UniqueIdentifier>
      <Extensions>h;hh;hpp;hxx;hm;inl;inc;xsd</Extensions>
    </Filter>
    <Filter Include="Resource Files">
      <UniqueIdentifier>{67DA6AB6-F800-4c08-8B7A-83BB121AAD01}</UniqueIdentifier>
      <Extensions>rc;ico;cur;bmp;dlg;rc2;rct;bin;rgs;gif;jpg;jpeg;jpe;resx;tiff;tif;png;wav;mfcribbon-ms</Extensions>
    </Filter>
    <Filter Include="Source Files\Window">
      <UniqueIdentifier>{56452a52-6f79-43a8-bb15-7d39412fa52e}</UniqueIdentifier>
    </Filter>
    <Filter Include="Source Files\Game">
      <UniqueIdentifier>{fb059f8b-68c7-4e9d-b25e-6f83a2bc2e80}</UniqueIdentifier>
    </Filter>
    <Filter Include="Source Files\Model">
      <UniqueIdentifier>{8e7bc783-bb15-4faa-92cc-228526eb6b3c}</UniqueIdentifier>
    </Filter>
    <Filter Include="Source Files\Shader">
      <UniqueIdentifier>{2004ef99-3225-4679-aa54-88253202ff95}</UniqueIdentifier>
    </Filter>
    <Filter Include="Source Files\Shaders">
      <UniqueIdentifier>{c34814ad-ba8c-42a1-8414-14ee733617c6}</UniqueIdentifier>
    </Filter>
    <Filter Include="Source Files\Camera">
      <UniqueIdentifier>{47710f90-c0f1-43b7-a698-e7e7a95297b9}</UniqueIdentifier>
    </Filter>
    <Filter Include="Source Files\Model\Mesh">
      <UniqueIdentifier>{3b671668-fb8c-4c74-8e7e-b79255b5fb89}</UniqueIdentifier>
    </Filter>
    <Filter Include="Source Files\Terrain">
      <UniqueIdentifier>{732b1cf7-0cc3-4bbc-94a0-c0a6ce56bcb3}</UniqueIdentifier>
    </Filter>
    <Filter Include="Source Files\Shaders\Simple">
      <UniqueIdentifier>{0d2c9d5c-391a-40df-8da6-843ca0e16c61}</UniqueIdentifier>
    </Filter>
    <Filter Include="Source Files\Shaders\Terrain">
      <UniqueIdentifier>{496d1700-326b-4bae-b96b-208a90a35f91}</UniqueIdentifier>
    </Filter>
    <Filter Include="Source Files\Light">
      <UniqueIdentifier>{badfe769-e16f-4788-bd34-c80cea0cedd4}</UniqueIdentifier>
    </Filter>
    <Filter Include="Source Files\Shaders\Light">
      <UniqueIdentifier>{4b4e93b4-5882-420f-9f6f-e54d8d7eb18f}</UniqueIdentifier>
    </Filter>
    <Filter Include="Source Files\Primatives">
      <UniqueIdentifier>{513daeae-0098-420b-a24e-7a881aded775}</UniqueIdentifier>
    </Filter>
  </ItemGroup>
  <ItemGroup>
    <ClCompile Include="main.cpp">
      <Filter>Source Files</Filter>
    </ClCompile>
    <ClCompile Include="Window.cpp">
      <Filter>Source Files\Window</Filter>
    </ClCompile>
    <ClCompile Include="TestGame.cpp">
      <Filter>Source Files</Filter>
    </ClCompile>
    <ClCompile Include="Shader.cpp">
      <Filter>Source Files\Shader</Filter>
    </ClCompile>
    <ClCompile Include="Mesh.cpp">
      <Filter>Source Files\Model\Mesh</Filter>
    </ClCompile>
    <ClCompile Include="Model.cpp">
      <Filter>Source Files\Model</Filter>
    </ClCompile>
    <ClCompile Include="Light.cpp">
      <Filter>Source Files\Light</Filter>
    </ClCompile>
    <ClCompile Include="Cube.cpp">
      <Filter>Source Files\Primatives</Filter>
    </ClCompile>
  </ItemGroup>
  <ItemGroup>
    <ClInclude Include="Game.h">
      <Filter>Source Files\Game</Filter>
    </ClInclude>
    <ClInclude Include="Window.h">
      <Filter>Source Files\Window</Filter>
    </ClInclude>
    <ClInclude Include="TestGame.h">
      <Filter>Source Files</Filter>
    </ClInclude>
    <ClInclude Include="Shader.h">
      <Filter>Source Files\Shader</Filter>
    </ClInclude>
    <ClInclude Include="Camera.h">
      <Filter>Source Files\Camera</Filter>
    </ClInclude>
    <ClInclude Include="Model.h">
      <Filter>Source Files\Model</Filter>
    </ClInclude>
    <ClInclude Include="Mesh.h">
      <Filter>Source Files\Model\Mesh</Filter>
    </ClInclude>
    <ClInclude Include="Terrain.h">
      <Filter>Source Files\Terrain</Filter>
    </ClInclude>
    <ClInclude Include="Light.h">
      <Filter>Source Files\Light</Filter>
    </ClInclude>
    <ClInclude Include="Cube.h">
      <Filter>Source Files\Primatives</Filter>
    </ClInclude>
  </ItemGroup>
  <ItemGroup>
    <None Include="SimpleFragmentShader.frag">
      <Filter>Source Files\Shaders\Simple</Filter>
    </None>
    <None Include="SimpleVertexShader.vert">
      <Filter>Source Files\Shaders\Simple</Filter>
    </None>
    <None Include="TerrainShader.vert">
      <Filter>Source Files\Shaders\Terrain</Filter>
    </None>
    <None Include="TerrainShader.frag">
      <Filter>Source Files\Shaders\Terrain</Filter>
    </None>
    <None Include="LightShader.vert">
      <Filter>Source Files\Shaders\Light</Filter>
    </None>
    <None Include="LightShader.frag">
      <Filter>Source Files\Shaders\Light</Filter>
    </None>
  </ItemGroup>
</Project>